
Microsoft Visual Studio Solution File, Format Version 12.00
# Visual Studio 14
VisualStudioVersion = 14.0.25420.1
MinimumVisualStudioVersion = 10.0.40219.1
Project("{FAE04EC0-301F-11D3-BF4B-00C04F79EFBC}") = "PasteBookFinalProject", "PasteBookFinalProject\PasteBookFinalProject.csproj", "{ED19B829-98A2-4CC4-B3E7-C0D6648E5BA0}"
EndProject
Project("{FAE04EC0-301F-11D3-BF4B-00C04F79EFBC}") = "PasteBookEntityFramework", "PasteBookEntityFramework\PasteBookEntityFramework.csproj", "{53A1BD1B-4768-4376-A3C3-7591FBE2C4FE}"
EndProject
Project("{FAE04EC0-301F-11D3-BF4B-00C04F79EFBC}") = "PasteBookDataAccess", "PasteBookDataAccess\PasteBookDataAccess.csproj", "{58BE231E-7675-4581-B746-5F206436A606}"
EndProject
Project("{FAE04EC0-301F-11D3-BF4B-00C04F79EFBC}") = "PasteBookBusinessLogic", "PasteBookBusinessLogic\PasteBookBusinessLogic.csproj", "{BE836654-DC46-4E85-B10F-0C34B12E6D5B}"
EndProject
Global
	GlobalSection(SolutionConfigurationPlatforms) = preSolution
		Debug|Any CPU = Debug|Any CPU
		Release|Any CPU = Release|Any CPU
	EndGlobalSection
	GlobalSection(ProjectConfigurationPlatforms) = postSolution
		{ED19B829-98A2-4CC4-B3E7-C0D6648E5BA0}.Debug|Any CPU.ActiveCfg = Debug|Any CPU
		{ED19B829-98A2-4CC4-B3E7-C0D6648E5BA0}.Debug|Any CPU.Build.0 = Debug|Any CPU
		{ED19B829-98A2-4CC4-B3E7-C0D6648E5BA0}.Release|Any CPU.ActiveCfg = Release|Any CPU
		{ED19B829-98A2-4CC4-B3E7-C0D6648E5BA0}.Release|Any CPU.Build.0 = Release|Any CPU
		{53A1BD1B-4768-4376-A3C3-7591FBE2C4FE}.Debug|Any CPU.ActiveCfg = Debug|Any CPU
		{53A1BD1B-4768-4376-A3C3-7591FBE2C4FE}.Debug|Any CPU.Build.0 = Debug|Any CPU
		{53A1BD1B-4768-4376-A3C3-7591FBE2C4FE}.Release|Any CPU.ActiveCfg = Release|Any CPU
		{53A1BD1B-4768-4376-A3C3-7591FBE2C4FE}.Release|Any CPU.Build.0 = Release|Any CPU
		{58BE231E-7675-4581-B746-5F206436A606}.Debug|Any CPU.ActiveCfg = Debug|Any CPU
		{58BE231E-7675-4581-B746-5F206436A606}.Debug|Any CPU.Build.0 = Debug|Any CPU
		{58BE231E-7675-4581-B746-5F206436A606}.Release|Any CPU.ActiveCfg = Release|Any CPU
		{58BE231E-7675-4581-B746-5F206436A606}.Release|Any CPU.Build.0 = Release|Any CPU
		{BE836654-DC46-4E85-B10F-0C34B12E6D5B}.Debug|Any CPU.ActiveCfg = Debug|Any CPU
		{BE836654-DC46-4E85-B10F-0C34B12E6D5B}.Debug|Any CPU.Build.0 = Debug|Any CPU
		{BE836654-DC46-4E85-B10F-0C34B12E6D5B}.Release|Any CPU.ActiveCfg = Release|Any CPU
		{BE836654-DC46-4E85-B10F-0C34B12E6D5B}.Release|Any CPU.Build.0 = Release|Any CPU
	EndGlobalSection
	GlobalSection(SolutionProperties) = preSolution
		HideSolutionNode = FALSE
	EndGlobalSection
EndGlobal
